
Microsoft Visual Studio Solution File, Format Version 12.00
# Visual Studio Version 17
VisualStudioVersion = 17.5.33424.131
MinimumVisualStudioVersion = 10.0.40219.1
Project("{8BC9CEB8-8B4A-11D0-8D11-00A0C91BC942}") = "nigley_fagmire", "nigley_fagmire.vcxproj", "{EDF55BAE-85B4-4D94-8901-6C60306AB721}"
EndProject
Global
	GlobalSection(SolutionConfigurationPlatforms) = preSolution
		Debug|x64 = Debug|x64
		Debug|x86 = Debug|x86
		Release|x64 = Release|x64
		Release|x86 = Release|x86
	EndGlobalSection
	GlobalSection(ProjectConfigurationPlatforms) = postSolution
		{EDF55BAE-85B4-4D94-8901-6C60306AB721}.Debug|x64.ActiveCfg = Debug|x64
		{EDF55BAE-85B4-4D94-8901-6C60306AB721}.Debug|x64.Build.0 = Debug|x64
		{EDF55BAE-85B4-4D94-8901-6C60306AB721}.Debug|x86.ActiveCfg = Debug|Win32
		{EDF55BAE-85B4-4D94-8901-6C60306AB721}.Debug|x86.Build.0 = Debug|Win32
		{EDF55BAE-85B4-4D94-8901-6C60306AB721}.Release|x64.ActiveCfg = Release|x64
		{EDF55BAE-85B4-4D94-8901-6C60306AB721}.Release|x64.Build.0 = Release|x64
		{EDF55BAE-85B4-4D94-8901-6C60306AB721}.Release|x86.ActiveCfg = Release|Win32
		{EDF55BAE-85B4-4D94-8901-6C60306AB721}.Release|x86.Build.0 = Release|Win32
	EndGlobalSection
	GlobalSection(SolutionProperties) = preSolution
		HideSolutionNode = FALSE
	EndGlobalSection
	GlobalSection(ExtensibilityGlobals) = postSolution
		SolutionGuid = {9027E21C-9A89-4660-898D-AF7F2D85691B}
	EndGlobalSection
EndGlobal
